
Microsoft Visual Studio Solution File, Format Version 12.00
# Visual Studio Version 16
VisualStudioVersion = 16.0.31624.102
MinimumVisualStudioVersion = 10.0.40219.1
Project("{FAE04EC0-301F-11D3-BF4B-00C04F79EFBC}") = "Aerodynamics", "Aerodynamics\Aerodynamics.csproj", "{E2B2D064-284D-4A75-90BD-62FC0D908142}"
EndProject
Global
	GlobalSection(SolutionConfigurationPlatforms) = preSolution
		Debug|Any CPU = Debug|Any CPU
		Release|Any CPU = Release|Any CPU
	EndGlobalSection
	GlobalSection(ProjectConfigurationPlatforms) = postSolution
		{E2B2D064-284D-4A75-90BD-62FC0D908142}.Debug|Any CPU.ActiveCfg = Debug|Any CPU
		{E2B2D064-284D-4A75-90BD-62FC0D908142}.Debug|Any CPU.Build.0 = Debug|Any CPU
		{E2B2D064-284D-4A75-90BD-62FC0D908142}.Release|Any CPU.ActiveCfg = Release|Any CPU
		{E2B2D064-284D-4A75-90BD-62FC0D908142}.Release|Any CPU.Build.0 = Release|Any CPU
	EndGlobalSection
	GlobalSection(SolutionProperties) = preSolution
		HideSolutionNode = FALSE
	EndGlobalSection
	GlobalSection(ExtensibilityGlobals) = postSolution
		SolutionGuid = {0912259E-7D82-4707-8000-CD23AB009B15}
	EndGlobalSection
EndGlobal
